
Microsoft Visual Studio Solution File, Format Version 12.00
# Visual Studio Version 17
VisualStudioVersion = 17.9.34701.34
MinimumVisualStudioVersion = 10.0.40219.1
Project("{9A19103F-16F7-4668-BE54-9A1E7A4F7556}") = "ECommerceProductCatalog", "ECommerceProductCatalog\ECommerceProductCatalog.csproj", "{F4FB8A0B-D75E-4A29-937B-6867DD6FEFBB}"
EndProject
Global
	GlobalSection(SolutionConfigurationPlatforms) = preSolution
		Debug|Any CPU = Debug|Any CPU
		Release|Any CPU = Release|Any CPU
	EndGlobalSection
	GlobalSection(ProjectConfigurationPlatforms) = postSolution
		{F4FB8A0B-D75E-4A29-937B-6867DD6FEFBB}.Debug|Any CPU.ActiveCfg = Debug|Any CPU
		{F4FB8A0B-D75E-4A29-937B-6867DD6FEFBB}.Debug|Any CPU.Build.0 = Debug|Any CPU
		{F4FB8A0B-D75E-4A29-937B-6867DD6FEFBB}.Release|Any CPU.ActiveCfg = Release|Any CPU
		{F4FB8A0B-D75E-4A29-937B-6867DD6FEFBB}.Release|Any CPU.Build.0 = Release|Any CPU
	EndGlobalSection
	GlobalSection(SolutionProperties) = preSolution
		HideSolutionNode = FALSE
	EndGlobalSection
	GlobalSection(ExtensibilityGlobals) = postSolution
		SolutionGuid = {E04539A9-9E84-49A9-AE4B-BF503759B6F5}
	EndGlobalSection
EndGlobal
